
Microsoft Visual Studio Solution File, Format Version 12.00
# Visual Studio Version 16
VisualStudioVersion = 25.0.1705.0
MinimumVisualStudioVersion = 10.0.40219.1
Project("{FAE04EC0-301F-11D3-BF4B-00C04F79EFBC}") = "ShiftyConsole", "ShiftyConsole\ShiftyConsole.csproj", "{32E359B7-6C2B-42C3-8795-D7F9F03846DA}"
EndProject
Global
	GlobalSection(SolutionConfigurationPlatforms) = preSolution
		Debug|Any CPU = Debug|Any CPU
		Release|Any CPU = Release|Any CPU
	EndGlobalSection
	GlobalSection(ProjectConfigurationPlatforms) = postSolution
		{32E359B7-6C2B-42C3-8795-D7F9F03846DA}.Debug|Any CPU.ActiveCfg = Debug|Any CPU
		{32E359B7-6C2B-42C3-8795-D7F9F03846DA}.Debug|Any CPU.Build.0 = Debug|Any CPU
		{32E359B7-6C2B-42C3-8795-D7F9F03846DA}.Release|Any CPU.ActiveCfg = Release|Any CPU
		{32E359B7-6C2B-42C3-8795-D7F9F03846DA}.Release|Any CPU.Build.0 = Release|Any CPU
	EndGlobalSection
	GlobalSection(SolutionProperties) = preSolution
		HideSolutionNode = FALSE
	EndGlobalSection
	GlobalSection(ExtensibilityGlobals) = postSolution
		SolutionGuid = {3615E8EA-4110-404F-A13E-3831FBD51AD6}
	EndGlobalSection
EndGlobal
